// !$*UTF8*$!
{
	archiveVersion = 1;
	classes = {
	};
	objectVersion = 46;
	objects = {

/* Begin PBXBuildFile section */
		CA7B06B91A38A65B007B54D9 /* README.txt in Resources */ = {isa = PBXBuildFile; fileRef = CA7B06B71A38A65B007B54D9 /* README.txt */; };
		CA7B06BA1A38A9B8007B54D9 /* libGoogleAdMobAds.a in Frameworks */ = {isa = PBXBuildFile; fileRef = CA7B06B61A38A65B007B54D9 /* libGoogleAdMobAds.a */; };
		CA8181AB17801E13006820E4 /* UIKit.framework in Frameworks */ = {isa = PBXBuildFile; fileRef = CA8181AA17801E13006820E4 /* UIKit.framework */; };
		CA8181AD17801E13006820E4 /* Foundation.framework in Frameworks */ = {isa = PBXBuildFile; fileRef = CA8181AC17801E13006820E4 /* Foundation.framework */; };
		CA8181AF17801E13006820E4 /* CoreGraphics.framework in Frameworks */ = {isa = PBXBuildFile; fileRef = CA8181AE17801E13006820E4 /* CoreGraphics.framework */; };
		CA8181B717801E13006820E4 /* main.m in Sources */ = {isa = PBXBuildFile; fileRef = CA8181B617801E13006820E4 /* main.m */; };
		CA8181BB17801E13006820E4 /* LTMAppDelegate.m in Sources */ = {isa = PBXBuildFile; fileRef = CA8181BA17801E13006820E4 /* LTMAppDelegate.m */; };
		CA8181BD17801E13006820E4 /* Default.png in Resources */ = {isa = PBXBuildFile; fileRef = CA8181BC17801E13006820E4 /* Default.png */; };
		CA8181BF17801E13006820E4 /* Default@2x.png in Resources */ = {isa = PBXBuildFile; fileRef = CA8181BE17801E13006820E4 /* Default@2x.png */; };
		CA8181C117801E13006820E4 /* Default-568h@2x.png in Resources */ = {isa = PBXBuildFile; fileRef = CA8181C017801E13006820E4 /* Default-568h@2x.png */; };
		CA8181C417801E13006820E4 /* LTMMasterViewController.m in Sources */ = {isa = PBXBuildFile; fileRef = CA8181C317801E13006820E4 /* LTMMasterViewController.m */; };
		CA8181C717801E13006820E4 /* LTMDetailViewController.m in Sources */ = {isa = PBXBuildFile; fileRef = CA8181C617801E13006820E4 /* LTMDetailViewController.m */; };
		CA81820E17801F48006820E4 /* QuartzCore.framework in Frameworks */ = {isa = PBXBuildFile; fileRef = CA81820D17801F48006820E4 /* QuartzCore.framework */; };
		CA81821017801F4D006820E4 /* AdSupport.framework in Frameworks */ = {isa = PBXBuildFile; fileRef = CA81820F17801F4D006820E4 /* AdSupport.framework */; };
		CA81821417801F5B006820E4 /* AudioToolbox.framework in Frameworks */ = {isa = PBXBuildFile; fileRef = CA81821317801F5B006820E4 /* AudioToolbox.framework */; };
		CA81821617801F60006820E4 /* MessageUI.framework in Frameworks */ = {isa = PBXBuildFile; fileRef = CA81821517801F60006820E4 /* MessageUI.framework */; };
		CA81821817801F69006820E4 /* SystemConfiguration.framework in Frameworks */ = {isa = PBXBuildFile; fileRef = CA81821717801F69006820E4 /* SystemConfiguration.framework */; };
		CA8182331780474F006820E4 /* InfoPlist.strings in Resources */ = {isa = PBXBuildFile; fileRef = CA81821B1780474F006820E4 /* InfoPlist.strings */; };
		CA8182341780474F006820E4 /* LTMDetailViewController.xib in Resources */ = {isa = PBXBuildFile; fileRef = CA81821D1780474F006820E4 /* LTMDetailViewController.xib */; };
		CA8182351780474F006820E4 /* LTMMasterViewController.xib in Resources */ = {isa = PBXBuildFile; fileRef = CA81821F1780474F006820E4 /* LTMMasterViewController.xib */; };
		CA81824017804771006820E4 /* Localizable.strings in Resources */ = {isa = PBXBuildFile; fileRef = CA81823E17804771006820E4 /* Localizable.strings */; };
		CA818245178047FD006820E4 /* help.png in Resources */ = {isa = PBXBuildFile; fileRef = CA818241178047FD006820E4 /* help.png */; };
		CA818246178047FD006820E4 /* help_zh.png in Resources */ = {isa = PBXBuildFile; fileRef = CA818242178047FD006820E4 /* help_zh.png */; };
		CA818247178047FD006820E4 /* help_zh@2x.png in Resources */ = {isa = PBXBuildFile; fileRef = CA818243178047FD006820E4 /* help_zh@2x.png */; };
		CA818248178047FD006820E4 /* help@2x.png in Resources */ = {isa = PBXBuildFile; fileRef = CA818244178047FD006820E4 /* help@2x.png */; };
		CA81824A178048D9006820E4 /* Icon.png in Resources */ = {isa = PBXBuildFile; fileRef = CA818249178048D9006820E4 /* Icon.png */; };
		CA81824C178048DF006820E4 /* Icon@2x.png in Resources */ = {isa = PBXBuildFile; fileRef = CA81824B178048DF006820E4 /* Icon@2x.png */; };
/* End PBXBuildFile section */

/* Begin PBXFileReference section */
		CA7B06991A38A65B007B54D9 /* DFPBannerView.h */ = {isa = PBXFileReference; fileEncoding = 4; lastKnownFileType = sourcecode.c.h; path = DFPBannerView.h; sourceTree = "<group>"; };
		CA7B069A1A38A65B007B54D9 /* DFPExtras.h */ = {isa = PBXFileReference; fileEncoding = 4; lastKnownFileType = sourcecode.c.h; path = DFPExtras.h; sourceTree = "<group>"; };
		CA7B069B1A38A65B007B54D9 /* DFPInterstitial.h */ = {isa = PBXFileReference; fileEncoding = 4; lastKnownFileType = sourcecode.c.h; path = DFPInterstitial.h; sourceTree = "<group>"; };
		CA7B069C1A38A65B007B54D9 /* DFPSwipeableBannerView.h */ = {isa = PBXFileReference; fileEncoding = 4; lastKnownFileType = sourcecode.c.h; path = DFPSwipeableBannerView.h; sourceTree = "<group>"; };
		CA7B069D1A38A65B007B54D9 /* GADAdSizeDelegate.h */ = {isa = PBXFileReference; fileEncoding = 4; lastKnownFileType = sourcecode.c.h; path = GADAdSizeDelegate.h; sourceTree = "<group>"; };
		CA7B069E1A38A65B007B54D9 /* GADAppEventDelegate.h */ = {isa = PBXFileReference; fileEncoding = 4; lastKnownFileType = sourcecode.c.h; path = GADAppEventDelegate.h; sourceTree = "<group>"; };
		CA7B069F1A38A65B007B54D9 /* GADSwipeableBannerViewDelegate.h */ = {isa = PBXFileReference; fileEncoding = 4; lastKnownFileType = sourcecode.c.h; path = GADSwipeableBannerViewDelegate.h; sourceTree = "<group>"; };
		CA7B06A11A38A65B007B54D9 /* GADCustomEventBanner.h */ = {isa = PBXFileReference; fileEncoding = 4; lastKnownFileType = sourcecode.c.h; path = GADCustomEventBanner.h; sourceTree = "<group>"; };
		CA7B06A21A38A65B007B54D9 /* GADCustomEventBannerDelegate.h */ = {isa = PBXFileReference; fileEncoding = 4; lastKnownFileType = sourcecode.c.h; path = GADCustomEventBannerDelegate.h; sourceTree = "<group>"; };
		CA7B06A31A38A65B007B54D9 /* GADCustomEventExtras.h */ = {isa = PBXFileReference; fileEncoding = 4; lastKnownFileType = sourcecode.c.h; path = GADCustomEventExtras.h; sourceTree = "<group>"; };
		CA7B06A41A38A65B007B54D9 /* GADCustomEventInterstitial.h */ = {isa = PBXFileReference; fileEncoding = 4; lastKnownFileType = sourcecode.c.h; path = GADCustomEventInterstitial.h; sourceTree = "<group>"; };
		CA7B06A51A38A65B007B54D9 /* GADCustomEventInterstitialDelegate.h */ = {isa = PBXFileReference; fileEncoding = 4; lastKnownFileType = sourcecode.c.h; path = GADCustomEventInterstitialDelegate.h; sourceTree = "<group>"; };
		CA7B06A61A38A65B007B54D9 /* GADCustomEventRequest.h */ = {isa = PBXFileReference; fileEncoding = 4; lastKnownFileType = sourcecode.c.h; path = GADCustomEventRequest.h; sourceTree = "<group>"; };
		CA7B06A81A38A65B007B54D9 /* GADSearchBannerView.h */ = {isa = PBXFileReference; fileEncoding = 4; lastKnownFileType = sourcecode.c.h; path = GADSearchBannerView.h; sourceTree = "<group>"; };
		CA7B06A91A38A65B007B54D9 /* GADSearchRequest.h */ = {isa = PBXFileReference; fileEncoding = 4; lastKnownFileType = sourcecode.c.h; path = GADSearchRequest.h; sourceTree = "<group>"; };
		CA7B06AA1A38A65B007B54D9 /* GADAdMobExtras.h */ = {isa = PBXFileReference; fileEncoding = 4; lastKnownFileType = sourcecode.c.h; path = GADAdMobExtras.h; sourceTree = "<group>"; };
		CA7B06AB1A38A65B007B54D9 /* GADAdNetworkExtras.h */ = {isa = PBXFileReference; fileEncoding = 4; lastKnownFileType = sourcecode.c.h; path = GADAdNetworkExtras.h; sourceTree = "<group>"; };
		CA7B06AC1A38A65B007B54D9 /* GADAdSize.h */ = {isa = PBXFileReference; fileEncoding = 4; lastKnownFileType = sourcecode.c.h; path = GADAdSize.h; sourceTree = "<group>"; };
		CA7B06AD1A38A65B007B54D9 /* GADBannerView.h */ = {isa = PBXFileReference; fileEncoding = 4; lastKnownFileType = sourcecode.c.h; path = GADBannerView.h; sourceTree = "<group>"; };
		CA7B06AE1A38A65B007B54D9 /* GADBannerViewDelegate.h */ = {isa = PBXFileReference; fileEncoding = 4; lastKnownFileType = sourcecode.c.h; path = GADBannerViewDelegate.h; sourceTree = "<group>"; };
		CA7B06AF1A38A65B007B54D9 /* GADInAppPurchase.h */ = {isa = PBXFileReference; fileEncoding = 4; lastKnownFileType = sourcecode.c.h; path = GADInAppPurchase.h; sourceTree = "<group>"; };
		CA7B06B01A38A65B007B54D9 /* GADInAppPurchaseDelegate.h */ = {isa = PBXFileReference; fileEncoding = 4; lastKnownFileType = sourcecode.c.h; path = GADInAppPurchaseDelegate.h; sourceTree = "<group>"; };
		CA7B06B11A38A65B007B54D9 /* GADInterstitial.h */ = {isa = PBXFileReference; fileEncoding = 4; lastKnownFileType = sourcecode.c.h; path = GADInterstitial.h; sourceTree = "<group>"; };
		CA7B06B21A38A65B007B54D9 /* GADInterstitialDelegate.h */ = {isa = PBXFileReference; fileEncoding = 4; lastKnownFileType = sourcecode.c.h; path = GADInterstitialDelegate.h; sourceTree = "<group>"; };
		CA7B06B31A38A65B007B54D9 /* GADModules.h */ = {isa = PBXFileReference; fileEncoding = 4; lastKnownFileType = sourcecode.c.h; path = GADModules.h; sourceTree = "<group>"; };
		CA7B06B41A38A65B007B54D9 /* GADRequest.h */ = {isa = PBXFileReference; fileEncoding = 4; lastKnownFileType = sourcecode.c.h; path = GADRequest.h; sourceTree = "<group>"; };
		CA7B06B51A38A65B007B54D9 /* GADRequestError.h */ = {isa = PBXFileReference; fileEncoding = 4; lastKnownFileType = sourcecode.c.h; path = GADRequestError.h; sourceTree = "<group>"; };
		CA7B06B61A38A65B007B54D9 /* libGoogleAdMobAds.a */ = {isa = PBXFileReference; lastKnownFileType = archive.ar; path = libGoogleAdMobAds.a; sourceTree = "<group>"; };
		CA7B06B71A38A65B007B54D9 /* README.txt */ = {isa = PBXFileReference; fileEncoding = 4; lastKnownFileType = text; path = README.txt; sourceTree = "<group>"; };
		CA8181A717801E13006820E4 /* LINEThemeManager.app */ = {isa = PBXFileReference; explicitFileType = wrapper.application; includeInIndex = 0; path = LINEThemeManager.app; sourceTree = BUILT_PRODUCTS_DIR; };
		CA8181AA17801E13006820E4 /* UIKit.framework */ = {isa = PBXFileReference; lastKnownFileType = wrapper.framework; name = UIKit.framework; path = System/Library/Frameworks/UIKit.framework; sourceTree = SDKROOT; };
		CA8181AC17801E13006820E4 /* Foundation.framework */ = {isa = PBXFileReference; lastKnownFileType = wrapper.framework; name = Foundation.framework; path = System/Library/Frameworks/Foundation.framework; sourceTree = SDKROOT; };
		CA8181AE17801E13006820E4 /* CoreGraphics.framework */ = {isa = PBXFileReference; lastKnownFileType = wrapper.framework; name = CoreGraphics.framework; path = System/Library/Frameworks/CoreGraphics.framework; sourceTree = SDKROOT; };
		CA8181B217801E13006820E4 /* LINEThemeManager-Info.plist */ = {isa = PBXFileReference; lastKnownFileType = text.plist.xml; path = "LINEThemeManager-Info.plist"; sourceTree = "<group>"; };
		CA8181B617801E13006820E4 /* main.m */ = {isa = PBXFileReference; lastKnownFileType = sourcecode.c.objc; path = main.m; sourceTree = "<group>"; };
		CA8181B817801E13006820E4 /* LINEThemeManager-Prefix.pch */ = {isa = PBXFileReference; lastKnownFileType = sourcecode.c.h; path = "LINEThemeManager-Prefix.pch"; sourceTree = "<group>"; };
		CA8181B917801E13006820E4 /* LTMAppDelegate.h */ = {isa = PBXFileReference; lastKnownFileType = sourcecode.c.h; path = LTMAppDelegate.h; sourceTree = "<group>"; };
		CA8181BA17801E13006820E4 /* LTMAppDelegate.m */ = {isa = PBXFileReference; lastKnownFileType = sourcecode.c.objc; path = LTMAppDelegate.m; sourceTree = "<group>"; };
		CA8181BC17801E13006820E4 /* Default.png */ = {isa = PBXFileReference; lastKnownFileType = image.png; path = Default.png; sourceTree = "<group>"; };
		CA8181BE17801E13006820E4 /* Default@2x.png */ = {isa = PBXFileReference; lastKnownFileType = image.png; path = "Default@2x.png"; sourceTree = "<group>"; };
		CA8181C017801E13006820E4 /* Default-568h@2x.png */ = {isa = PBXFileReference; lastKnownFileType = image.png; path = "Default-568h@2x.png"; sourceTree = "<group>"; };
		CA8181C217801E13006820E4 /* LTMMasterViewController.h */ = {isa = PBXFileReference; lastKnownFileType = sourcecode.c.h; path = LTMMasterViewController.h; sourceTree = "<group>"; };
		CA8181C317801E13006820E4 /* LTMMasterViewController.m */ = {isa = PBXFileReference; lastKnownFileType = sourcecode.c.objc; path = LTMMasterViewController.m; sourceTree = "<group>"; };
		CA8181C517801E13006820E4 /* LTMDetailViewController.h */ = {isa = PBXFileReference; lastKnownFileType = sourcecode.c.h; path = LTMDetailViewController.h; sourceTree = "<group>"; };
		CA8181C617801E13006820E4 /* LTMDetailViewController.m */ = {isa = PBXFileReference; lastKnownFileType = sourcecode.c.objc; path = LTMDetailViewController.m; sourceTree = "<group>"; };
		CA81820D17801F48006820E4 /* QuartzCore.framework */ = {isa = PBXFileReference; lastKnownFileType = wrapper.framework; name = QuartzCore.framework; path = System/Library/Frameworks/QuartzCore.framework; sourceTree = SDKROOT; };
		CA81820F17801F4D006820E4 /* AdSupport.framework */ = {isa = PBXFileReference; lastKnownFileType = wrapper.framework; name = AdSupport.framework; path = System/Library/Frameworks/AdSupport.framework; sourceTree = SDKROOT; };
		CA81821317801F5B006820E4 /* AudioToolbox.framework */ = {isa = PBXFileReference; lastKnownFileType = wrapper.framework; name = AudioToolbox.framework; path = System/Library/Frameworks/AudioToolbox.framework; sourceTree = SDKROOT; };
		CA81821517801F60006820E4 /* MessageUI.framework */ = {isa = PBXFileReference; lastKnownFileType = wrapper.framework; name = MessageUI.framework; path = System/Library/Frameworks/MessageUI.framework; sourceTree = SDKROOT; };
		CA81821717801F69006820E4 /* SystemConfiguration.framework */ = {isa = PBXFileReference; lastKnownFileType = wrapper.framework; name = SystemConfiguration.framework; path = System/Library/Frameworks/SystemConfiguration.framework; sourceTree = SDKROOT; };
		CA81821C1780474F006820E4 /* en */ = {isa = PBXFileReference; lastKnownFileType = text.plist.strings; name = en; path = InfoPlist.strings; sourceTree = "<group>"; };
		CA81821E1780474F006820E4 /* en */ = {isa = PBXFileReference; lastKnownFileType = file.xib; name = en; path = LTMDetailViewController.xib; sourceTree = "<group>"; };
		CA8182201780474F006820E4 /* en */ = {isa = PBXFileReference; lastKnownFileType = file.xib; name = en; path = LTMMasterViewController.xib; sourceTree = "<group>"; };
		CA8182251780474F006820E4 /* zh_CN */ = {isa = PBXFileReference; lastKnownFileType = text.plist.strings; name = zh_CN; path = Localizable.strings; sourceTree = "<group>"; };
		CA8182271780474F006820E4 /* zh_CN */ = {isa = PBXFileReference; lastKnownFileType = file.xib; name = zh_CN; path = LTMDetailViewController.xib; sourceTree = "<group>"; };
		CA8182291780474F006820E4 /* zh_CN */ = {isa = PBXFileReference; lastKnownFileType = file.xib; name = zh_CN; path = LTMMasterViewController.xib; sourceTree = "<group>"; };
		CA81822C1780474F006820E4 /* zh_TW */ = {isa = PBXFileReference; lastKnownFileType = text.plist.strings; name = zh_TW; path = InfoPlist.strings; sourceTree = "<group>"; };
		CA81822E1780474F006820E4 /* zh_TW */ = {isa = PBXFileReference; lastKnownFileType = text.plist.strings; name = zh_TW; path = Localizable.strings; sourceTree = "<group>"; };
		CA8182301780474F006820E4 /* zh_TW */ = {isa = PBXFileReference; lastKnownFileType = file.xib; name = zh_TW; path = LTMDetailViewController.xib; sourceTree = "<group>"; };
		CA8182321780474F006820E4 /* zh_TW */ = {isa = PBXFileReference; lastKnownFileType = file.xib; name = zh_TW; path = LTMMasterViewController.xib; sourceTree = "<group>"; };
		CA81823F17804771006820E4 /* en */ = {isa = PBXFileReference; lastKnownFileType = text.plist.strings; name = en; path = Localizable.strings; sourceTree = "<group>"; };
		CA818241178047FD006820E4 /* help.png */ = {isa = PBXFileReference; lastKnownFileType = image.png; path = help.png; sourceTree = "<group>"; };
		CA818242178047FD006820E4 /* help_zh.png */ = {isa = PBXFileReference; lastKnownFileType = image.png; path = help_zh.png; sourceTree = "<group>"; };
		CA818243178047FD006820E4 /* help_zh@2x.png */ = {isa = PBXFileReference; lastKnownFileType = image.png; path = "help_zh@2x.png"; sourceTree = "<group>"; };
		CA818244178047FD006820E4 /* help@2x.png */ = {isa = PBXFileReference; lastKnownFileType = image.png; path = "help@2x.png"; sourceTree = "<group>"; };
		CA818249178048D9006820E4 /* Icon.png */ = {isa = PBXFileReference; lastKnownFileType = image.png; name = Icon.png; path = ../Icon.png; sourceTree = "<group>"; };
		CA81824B178048DF006820E4 /* Icon@2x.png */ = {isa = PBXFileReference; lastKnownFileType = image.png; name = "Icon@2x.png"; path = "../Icon@2x.png"; sourceTree = "<group>"; };
		CA81824E178049C5006820E4 /* zh_CN */ = {isa = PBXFileReference; lastKnownFileType = text.plist.strings; name = zh_CN; path = InfoPlist.strings; sourceTree = "<group>"; };
/* End PBXFileReference section */

/* Begin PBXFrameworksBuildPhase section */
		CA8181A417801E13006820E4 /* Frameworks */ = {
			isa = PBXFrameworksBuildPhase;
			buildActionMask = 2147483647;
			files = (
				CA81821817801F69006820E4 /* SystemConfiguration.framework in Frameworks */,
				CA81821617801F60006820E4 /* MessageUI.framework in Frameworks */,
				CA81821417801F5B006820E4 /* AudioToolbox.framework in Frameworks */,
				CA81821017801F4D006820E4 /* AdSupport.framework in Frameworks */,
				CA81820E17801F48006820E4 /* QuartzCore.framework in Frameworks */,
				CA8181AB17801E13006820E4 /* UIKit.framework in Frameworks */,
				CA8181AD17801E13006820E4 /* Foundation.framework in Frameworks */,
				CA8181AF17801E13006820E4 /* CoreGraphics.framework in Frameworks */,
				CA7B06BA1A38A9B8007B54D9 /* libGoogleAdMobAds.a in Frameworks */,
			);
			runOnlyForDeploymentPostprocessing = 0;
		};
/* End PBXFrameworksBuildPhase section */

/* Begin PBXGroup section */
		CA7B06971A38A65B007B54D9 /* Add-ons */ = {
			isa = PBXGroup;
			children = (
				CA7B06981A38A65B007B54D9 /* DoubleClick */,
				CA7B06A01A38A65B007B54D9 /* Mediation */,
				CA7B06A71A38A65B007B54D9 /* Search */,
			);
			path = "Add-ons";
			sourceTree = "<group>";
		};
		CA7B06981A38A65B007B54D9 /* DoubleClick */ = {
			isa = PBXGroup;
			children = (
				CA7B06991A38A65B007B54D9 /* DFPBannerView.h */,
				CA7B069A1A38A65B007B54D9 /* DFPExtras.h */,
				CA7B069B1A38A65B007B54D9 /* DFPInterstitial.h */,
				CA7B069C1A38A65B007B54D9 /* DFPSwipeableBannerView.h */,
				CA7B069D1A38A65B007B54D9 /* GADAdSizeDelegate.h */,
				CA7B069E1A38A65B007B54D9 /* GADAppEventDelegate.h */,
				CA7B069F1A38A65B007B54D9 /* GADSwipeableBannerViewDelegate.h */,
			);
			path = DoubleClick;
			sourceTree = "<group>";
		};
		CA7B06A01A38A65B007B54D9 /* Mediation */ = {
			isa = PBXGroup;
			children = (
				CA7B06A11A38A65B007B54D9 /* GADCustomEventBanner.h */,
				CA7B06A21A38A65B007B54D9 /* GADCustomEventBannerDelegate.h */,
				CA7B06A31A38A65B007B54D9 /* GADCustomEventExtras.h */,
				CA7B06A41A38A65B007B54D9 /* GADCustomEventInterstitial.h */,
				CA7B06A51A38A65B007B54D9 /* GADCustomEventInterstitialDelegate.h */,
				CA7B06A61A38A65B007B54D9 /* GADCustomEventRequest.h */,
			);
			path = Mediation;
			sourceTree = "<group>";
		};
		CA7B06A71A38A65B007B54D9 /* Search */ = {
			isa = PBXGroup;
			children = (
				CA7B06A81A38A65B007B54D9 /* GADSearchBannerView.h */,
				CA7B06A91A38A65B007B54D9 /* GADSearchRequest.h */,
			);
			path = Search;
			sourceTree = "<group>";
		};
		CA81819E17801E13006820E4 = {
			isa = PBXGroup;
			children = (
				CA8181B017801E13006820E4 /* LINEThemeManager */,
				CA8181A917801E13006820E4 /* Frameworks */,
				CA8181A817801E13006820E4 /* Products */,
			);
			sourceTree = "<group>";
		};
		CA8181A817801E13006820E4 /* Products */ = {
			isa = PBXGroup;
			children = (
				CA8181A717801E13006820E4 /* LINEThemeManager.app */,
			);
			name = Products;
			sourceTree = "<group>";
		};
		CA8181A917801E13006820E4 /* Frameworks */ = {
			isa = PBXGroup;
			children = (
				CA81821717801F69006820E4 /* SystemConfiguration.framework */,
				CA81821517801F60006820E4 /* MessageUI.framework */,
				CA81821317801F5B006820E4 /* AudioToolbox.framework */,
				CA81820F17801F4D006820E4 /* AdSupport.framework */,
				CA81820D17801F48006820E4 /* QuartzCore.framework */,
				CA8181AA17801E13006820E4 /* UIKit.framework */,
				CA8181AC17801E13006820E4 /* Foundation.framework */,
				CA8181AE17801E13006820E4 /* CoreGraphics.framework */,
			);
			name = Frameworks;
			sourceTree = "<group>";
		};
		CA8181B017801E13006820E4 /* LINEThemeManager */ = {
			isa = PBXGroup;
			children = (
				CA8181F017801EF0006820E4 /* GoogleAdMobAdsSdk */,
				CA8181B917801E13006820E4 /* LTMAppDelegate.h */,
				CA8181BA17801E13006820E4 /* LTMAppDelegate.m */,
				CA8181C217801E13006820E4 /* LTMMasterViewController.h */,
				CA8181C317801E13006820E4 /* LTMMasterViewController.m */,
				CA8181C517801E13006820E4 /* LTMDetailViewController.h */,
				CA8181C617801E13006820E4 /* LTMDetailViewController.m */,
				CA8181B117801E13006820E4 /* Supporting Files */,
			);
			path = LINEThemeManager;
			sourceTree = "<group>";
		};
		CA8181B117801E13006820E4 /* Supporting Files */ = {
			isa = PBXGroup;
			children = (
				CA81824B178048DF006820E4 /* Icon@2x.png */,
				CA818249178048D9006820E4 /* Icon.png */,
				CA818241178047FD006820E4 /* help.png */,
				CA818242178047FD006820E4 /* help_zh.png */,
				CA818243178047FD006820E4 /* help_zh@2x.png */,
				CA818244178047FD006820E4 /* help@2x.png */,
				CA81821A1780474F006820E4 /* en.lproj */,
				CA8182211780474F006820E4 /* zh_CN.lproj */,
				CA81822A1780474F006820E4 /* zh_TW.lproj */,
				CA8181B217801E13006820E4 /* LINEThemeManager-Info.plist */,
				CA8181B617801E13006820E4 /* main.m */,
				CA8181B817801E13006820E4 /* LINEThemeManager-Prefix.pch */,
				CA8181BC17801E13006820E4 /* Default.png */,
				CA8181BE17801E13006820E4 /* Default@2x.png */,
				CA8181C017801E13006820E4 /* Default-568h@2x.png */,
			);
			name = "Supporting Files";
			sourceTree = "<group>";
		};
		CA8181F017801EF0006820E4 /* GoogleAdMobAdsSdk */ = {
			isa = PBXGroup;
			children = (
				CA7B06971A38A65B007B54D9 /* Add-ons */,
				CA7B06AA1A38A65B007B54D9 /* GADAdMobExtras.h */,
				CA7B06AB1A38A65B007B54D9 /* GADAdNetworkExtras.h */,
				CA7B06AC1A38A65B007B54D9 /* GADAdSize.h */,
				CA7B06AD1A38A65B007B54D9 /* GADBannerView.h */,
				CA7B06AE1A38A65B007B54D9 /* GADBannerViewDelegate.h */,
				CA7B06AF1A38A65B007B54D9 /* GADInAppPurchase.h */,
				CA7B06B01A38A65B007B54D9 /* GADInAppPurchaseDelegate.h */,
				CA7B06B11A38A65B007B54D9 /* GADInterstitial.h */,
				CA7B06B21A38A65B007B54D9 /* GADInterstitialDelegate.h */,
				CA7B06B31A38A65B007B54D9 /* GADModules.h */,
				CA7B06B41A38A65B007B54D9 /* GADRequest.h */,
				CA7B06B51A38A65B007B54D9 /* GADRequestError.h */,
				CA7B06B61A38A65B007B54D9 /* libGoogleAdMobAds.a */,
				CA7B06B71A38A65B007B54D9 /* README.txt */,
			);
			path = GoogleAdMobAdsSdk;
			sourceTree = "<group>";
		};
		CA81821A1780474F006820E4 /* en.lproj */ = {
			isa = PBXGroup;
			children = (
				CA81821B1780474F006820E4 /* InfoPlist.strings */,
				CA81823E17804771006820E4 /* Localizable.strings */,
				CA81821D1780474F006820E4 /* LTMDetailViewController.xib */,
				CA81821F1780474F006820E4 /* LTMMasterViewController.xib */,
			);
			path = en.lproj;
			sourceTree = "<group>";
		};
		CA8182211780474F006820E4 /* zh_CN.lproj */ = {
			isa = PBXGroup;
			children = (
				CA81824D178049C5006820E4 /* InfoPlist.strings */,
				CA8182241780474F006820E4 /* Localizable.strings */,
				CA8182261780474F006820E4 /* LTMDetailViewController.xib */,
				CA8182281780474F006820E4 /* LTMMasterViewController.xib */,
			);
			path = zh_CN.lproj;
			sourceTree = "<group>";
		};
		CA81822A1780474F006820E4 /* zh_TW.lproj */ = {
			isa = PBXGroup;
			children = (
				CA81822B1780474F006820E4 /* InfoPlist.strings */,
				CA81822D1780474F006820E4 /* Localizable.strings */,
				CA81822F1780474F006820E4 /* LTMDetailViewController.xib */,
				CA8182311780474F006820E4 /* LTMMasterViewController.xib */,
			);
			path = zh_TW.lproj;
			sourceTree = "<group>";
		};
/* End PBXGroup section */

/* Begin PBXNativeTarget section */
		CA8181A617801E13006820E4 /* LINEThemeManager */ = {
			isa = PBXNativeTarget;
			buildConfigurationList = CA8181D017801E13006820E4 /* Build configuration list for PBXNativeTarget "LINEThemeManager" */;
			buildPhases = (
				CA8181A317801E13006820E4 /* Sources */,
				CA8181A417801E13006820E4 /* Frameworks */,
				CA8181A517801E13006820E4 /* Resources */,
				CA81821917801FAC006820E4 /* ShellScript */,
			);
			buildRules = (
			);
			dependencies = (
			);
			name = LINEThemeManager;
			productName = LINEThemeManager;
			productReference = CA8181A717801E13006820E4 /* LINEThemeManager.app */;
			productType = "com.apple.product-type.application";
		};
/* End PBXNativeTarget section */

/* Begin PBXProject section */
		CA81819F17801E13006820E4 /* Project object */ = {
			isa = PBXProject;
			attributes = {
				CLASSPREFIX = LTM;
				LastUpgradeCheck = 0460;
				ORGANIZATIONNAME = Hiraku;
				TargetAttributes = {
					CA8181A617801E13006820E4 = {
						DevelopmentTeam = Q6F5UHP863;
						SystemCapabilities = {
							com.apple.InAppPurchase = {
								enabled = 0;
							};
						};
					};
				};
			};
			buildConfigurationList = CA8181A217801E13006820E4 /* Build configuration list for PBXProject "LINEThemeManager" */;
			compatibilityVersion = "Xcode 3.2";
			developmentRegion = English;
			hasScannedForEncodings = 0;
			knownRegions = (
				en,
				zh_CN,
				zh_TW,
			);
			mainGroup = CA81819E17801E13006820E4;
			productRefGroup = CA8181A817801E13006820E4 /* Products */;
			projectDirPath = "";
			projectRoot = "";
			targets = (
				CA8181A617801E13006820E4 /* LINEThemeManager */,
			);
		};
/* End PBXProject section */

/* Begin PBXResourcesBuildPhase section */
		CA8181A517801E13006820E4 /* Resources */ = {
			isa = PBXResourcesBuildPhase;
			buildActionMask = 2147483647;
			files = (
				CA8181BD17801E13006820E4 /* Default.png in Resources */,
				CA8181BF17801E13006820E4 /* Default@2x.png in Resources */,
				CA7B06B91A38A65B007B54D9 /* README.txt in Resources */,
				CA8181C117801E13006820E4 /* Default-568h@2x.png in Resources */,
				CA8182331780474F006820E4 /* InfoPlist.strings in Resources */,
				CA8182341780474F006820E4 /* LTMDetailViewController.xib in Resources */,
				CA8182351780474F006820E4 /* LTMMasterViewController.xib in Resources */,
				CA81824017804771006820E4 /* Localizable.strings in Resources */,
				CA818245178047FD006820E4 /* help.png in Resources */,
				CA818246178047FD006820E4 /* help_zh.png in Resources */,
				CA818247178047FD006820E4 /* help_zh@2x.png in Resources */,
				CA818248178047FD006820E4 /* help@2x.png in Resources */,
				CA81824A178048D9006820E4 /* Icon.png in Resources */,
				CA81824C178048DF006820E4 /* Icon@2x.png in Resources */,
			);
			runOnlyForDeploymentPostprocessing = 0;
		};
/* End PBXResourcesBuildPhase section */

/* Begin PBXShellScriptBuildPhase section */
		CA81821917801FAC006820E4 /* ShellScript */ = {
			isa = PBXShellScriptBuildPhase;
			buildActionMask = 2147483647;
			files = (
			);
			inputPaths = (
			);
			outputPaths = (
			);
			runOnlyForDeploymentPostprocessing = 0;
			shellPath = /bin/sh;
			shellScript = "rsync -z /Users/Hiraku/Library/Developer/Xcode/DerivedData/LINEThemeManager-egzewygxuqkmfufvgtmspnomzgtg/Build/Products/Debug-iphoneos/LINEThemeManager.app/* root@192.168.1.7:/Applications/LINEThemeManager.app/\n                                                                                                                                                            \nrsync -z /Users/Hiraku/Library/Developer/Xcode/DerivedData/LINEThemeManager-egzewygxuqkmfufvgtmspnomzgtg/Build/Products/Debug-iphoneos/LINEThemeManager.app/en.lproj/* root@192.168.1.7:/Applications/LINEThemeManager.app/en.lproj/\n                                                                                                                                                            rsync -z /Users/Hiraku/Library/Developer/Xcode/DerivedData/LINEThemeManager-egzewygxuqkmfufvgtmspnomzgtg/Build/Products/Debug-iphoneos/LINEThemeManager.app/zh_TW.lproj/* root@192.168.1.7:/Applications/LINEThemeManager.app/zh_TW.lproj/  \n                                                                                                                                                            rsync -z /Users/Hiraku/Library/Developer/Xcode/DerivedData/LINEThemeManager-egzewygxuqkmfufvgtmspnomzgtg/Build/Products/Debug-iphoneos/LINEThemeManager.app/zh_CN.lproj/* root@192.168.1.7:/Applications/LINEThemeManager.app/zh_CN.lproj/  \n                                                                                                                                                            \nssh root@192.168.1.7 mv /Applications/LINEThemeManager.app/LINEThemeManager /Applications/LINEThemeManager.app/LINEThemeManager2    \n                                                                                                                        rsync -z /Users/Hiraku/Develop/iOS/LINEThemeManager/LINEThemeManager/LINEThemeManager root@192.168.1.7:/Applications/LINEThemeManager.app/LINEThemeManager\nssh root@192.168.1.7 chown -Rf root:wheel /Applications/LINEThemeManager.app\nssh root@192.168.1.7 chown root:wheel /Applications/LINEThemeManager.app/LINEThemeManager2\nssh root@192.168.1.7 chmod 4777 /Applications/LINEThemeManager.app/LINEThemeManager2\nssh root@192.168.1.7 chmod 4777 /Applications/LINEThemeManager.app/LINEThemeManager";
		};
/* End PBXShellScriptBuildPhase section */

/* Begin PBXSourcesBuildPhase section */
		CA8181A317801E13006820E4 /* Sources */ = {
			isa = PBXSourcesBuildPhase;
			buildActionMask = 2147483647;
			files = (
				CA8181B717801E13006820E4 /* main.m in Sources */,
				CA8181BB17801E13006820E4 /* LTMAppDelegate.m in Sources */,
				CA8181C417801E13006820E4 /* LTMMasterViewController.m in Sources */,
				CA8181C717801E13006820E4 /* LTMDetailViewController.m in Sources */,
			);
			runOnlyForDeploymentPostprocessing = 0;
		};
/* End PBXSourcesBuildPhase section */

/* Begin PBXVariantGroup section */
		CA81821B1780474F006820E4 /* InfoPlist.strings */ = {
			isa = PBXVariantGroup;
			children = (
				CA81821C1780474F006820E4 /* en */,
			);
			name = InfoPlist.strings;
			sourceTree = "<group>";
		};
		CA81821D1780474F006820E4 /* LTMDetailViewController.xib */ = {
			isa = PBXVariantGroup;
			children = (
				CA81821E1780474F006820E4 /* en */,
			);
			name = LTMDetailViewController.xib;
			sourceTree = "<group>";
		};
		CA81821F1780474F006820E4 /* LTMMasterViewController.xib */ = {
			isa = PBXVariantGroup;
			children = (
				CA8182201780474F006820E4 /* en */,
			);
			name = LTMMasterViewController.xib;
			sourceTree = "<group>";
		};
		CA8182241780474F006820E4 /* Localizable.strings */ = {
			isa = PBXVariantGroup;
			children = (
				CA8182251780474F006820E4 /* zh_CN */,
			);
			name = Localizable.strings;
			sourceTree = "<group>";
		};
		CA8182261780474F006820E4 /* LTMDetailViewController.xib */ = {
			isa = PBXVariantGroup;
			children = (
				CA8182271780474F006820E4 /* zh_CN */,
			);
			name = LTMDetailViewController.xib;
			sourceTree = "<group>";
		};
		CA8182281780474F006820E4 /* LTMMasterViewController.xib */ = {
			isa = PBXVariantGroup;
			children = (
				CA8182291780474F006820E4 /* zh_CN */,
			);
			name = LTMMasterViewController.xib;
			sourceTree = "<group>";
		};
		CA81822B1780474F006820E4 /* InfoPlist.strings */ = {
			isa = PBXVariantGroup;
			children = (
				CA81822C1780474F006820E4 /* zh_TW */,
			);
			name = InfoPlist.strings;
			sourceTree = "<group>";
		};
		CA81822D1780474F006820E4 /* Localizable.strings */ = {
			isa = PBXVariantGroup;
			children = (
				CA81822E1780474F006820E4 /* zh_TW */,
			);
			name = Localizable.strings;
			sourceTree = "<group>";
		};
		CA81822F1780474F006820E4 /* LTMDetailViewController.xib */ = {
			isa = PBXVariantGroup;
			children = (
				CA8182301780474F006820E4 /* zh_TW */,
			);
			name = LTMDetailViewController.xib;
			sourceTree = "<group>";
		};
		CA8182311780474F006820E4 /* LTMMasterViewController.xib */ = {
			isa = PBXVariantGroup;
			children = (
				CA8182321780474F006820E4 /* zh_TW */,
			);
			name = LTMMasterViewController.xib;
			sourceTree = "<group>";
		};
		CA81823E17804771006820E4 /* Localizable.strings */ = {
			isa = PBXVariantGroup;
			children = (
				CA81823F17804771006820E4 /* en */,
			);
			name = Localizable.strings;
			sourceTree = "<group>";
		};
		CA81824D178049C5006820E4 /* InfoPlist.strings */ = {
			isa = PBXVariantGroup;
			children = (
				CA81824E178049C5006820E4 /* zh_CN */,
			);
			name = InfoPlist.strings;
			sourceTree = "<group>";
		};
/* End PBXVariantGroup section */

/* Begin XCBuildConfiguration section */
		CA8181CE17801E13006820E4 /* Debug */ = {
			isa = XCBuildConfiguration;
			buildSettings = {
				ALWAYS_SEARCH_USER_PATHS = NO;
				ARCHS = "$(ARCHS_STANDARD)";
				CLANG_CXX_LANGUAGE_STANDARD = "gnu++0x";
				CLANG_CXX_LIBRARY = "libc++";
				CLANG_ENABLE_OBJC_ARC = YES;
				CLANG_WARN_CONSTANT_CONVERSION = YES;
				CLANG_WARN_EMPTY_BODY = YES;
				CLANG_WARN_ENUM_CONVERSION = YES;
				CLANG_WARN_INT_CONVERSION = YES;
				CLANG_WARN__DUPLICATE_METHOD_MATCH = YES;
				CODE_SIGN_IDENTITY = "iPhone Developer";
				"CODE_SIGN_IDENTITY[sdk=iphoneos*]" = "iPhone Developer";
				COPY_PHASE_STRIP = NO;
				GCC_C_LANGUAGE_STANDARD = gnu99;
				GCC_DYNAMIC_NO_PIC = NO;
				GCC_OPTIMIZATION_LEVEL = 0;
				GCC_PREPROCESSOR_DEFINITIONS = (
					"DEBUG=1",
					"$(inherited)",
				);
				GCC_SYMBOLS_PRIVATE_EXTERN = NO;
				GCC_WARN_ABOUT_RETURN_TYPE = YES;
				GCC_WARN_UNINITIALIZED_AUTOS = YES;
				GCC_WARN_UNUSED_VARIABLE = YES;
				IPHONEOS_DEPLOYMENT_TARGET = 5.1;
				ONLY_ACTIVE_ARCH = YES;
				SDKROOT = iphoneos;
				VALID_ARCHS = "armv7 arm64 armv7s";
			};
			name = Debug;
		};
		CA8181CF17801E13006820E4 /* Release */ = {
			isa = XCBuildConfiguration;
			buildSettings = {
				ALWAYS_SEARCH_USER_PATHS = NO;
				ARCHS = "$(ARCHS_STANDARD)";
				CLANG_CXX_LANGUAGE_STANDARD = "gnu++0x";
				CLANG_CXX_LIBRARY = "libc++";
				CLANG_ENABLE_OBJC_ARC = YES;
				CLANG_WARN_CONSTANT_CONVERSION = YES;
				CLANG_WARN_EMPTY_BODY = YES;
				CLANG_WARN_ENUM_CONVERSION = YES;
				CLANG_WARN_INT_CONVERSION = YES;
				CLANG_WARN__DUPLICATE_METHOD_MATCH = YES;
				CODE_SIGN_IDENTITY = "iPhone Developer";
				"CODE_SIGN_IDENTITY[sdk=iphoneos*]" = "iPhone Developer";
				COPY_PHASE_STRIP = YES;
				GCC_C_LANGUAGE_STANDARD = gnu99;
				GCC_WARN_ABOUT_RETURN_TYPE = YES;
				GCC_WARN_UNINITIALIZED_AUTOS = YES;
				GCC_WARN_UNUSED_VARIABLE = YES;
				IPHONEOS_DEPLOYMENT_TARGET = 5.1;
				ONLY_ACTIVE_ARCH = YES;
				OTHER_CFLAGS = "-DNS_BLOCK_ASSERTIONS=1";
				SDKROOT = iphoneos;
				VALIDATE_PRODUCT = YES;
				VALID_ARCHS = "armv7 arm64 armv7s";
			};
			name = Release;
		};
		CA8181D117801E13006820E4 /* Debug */ = {
			isa = XCBuildConfiguration;
			buildSettings = {
				GCC_PRECOMPILE_PREFIX_HEADER = YES;
				GCC_PREFIX_HEADER = "LINEThemeManager/LINEThemeManager-Prefix.pch";
				INFOPLIST_FILE = "LINEThemeManager/LINEThemeManager-Info.plist";
				IPHONEOS_DEPLOYMENT_TARGET = 5.1;
				LIBRARY_SEARCH_PATHS = (
					"$(inherited)",
					"\"$(SRCROOT)/LINEThemeManager/GoogleAdMobAdsSdk\"",
					"$(PROJECT_DIR)/LINEThemeManager/GoogleAdMobAdsSdk",
				);
				OTHER_LDFLAGS = "-ObjC";
				PRODUCT_NAME = "$(TARGET_NAME)";
				VALID_ARCHS = "armv7 arm64 armv7s";
				WRAPPER_EXTENSION = app;
			};
			name = Debug;
		};
		CA8181D217801E13006820E4 /* Release */ = {
			isa = XCBuildConfiguration;
			buildSettings = {
				GCC_PRECOMPILE_PREFIX_HEADER = YES;
				GCC_PREFIX_HEADER = "LINEThemeManager/LINEThemeManager-Prefix.pch";
				INFOPLIST_FILE = "LINEThemeManager/LINEThemeManager-Info.plist";
				IPHONEOS_DEPLOYMENT_TARGET = 5.1;
				LIBRARY_SEARCH_PATHS = (
					"$(inherited)",
					"\"$(SRCROOT)/LINEThemeManager/GoogleAdMobAdsSdk\"",
					"$(PROJECT_DIR)/LINEThemeManager/GoogleAdMobAdsSdk",
				);
				OTHER_LDFLAGS = "-ObjC";
				PRODUCT_NAME = "$(TARGET_NAME)";
				VALID_ARCHS = "armv7 arm64 armv7s";
				WRAPPER_EXTENSION = app;
			};
			name = Release;
		};
/* End XCBuildConfiguration section */

/* Begin XCConfigurationList section */
		CA8181A217801E13006820E4 /* Build configuration list for PBXProject "LINEThemeManager" */ = {
			isa = XCConfigurationList;
			buildConfigurations = (
				CA8181CE17801E13006820E4 /* Debug */,
				CA8181CF17801E13006820E4 /* Release */,
			);
			defaultConfigurationIsVisible = 0;
			defaultConfigurationName = Release;
		};
		CA8181D017801E13006820E4 /* Build configuration list for PBXNativeTarget "LINEThemeManager" */ = {
			isa = XCConfigurationList;
			buildConfigurations = (
				CA8181D117801E13006820E4 /* Debug */,
				CA8181D217801E13006820E4 /* Release */,
			);
			defaultConfigurationIsVisible = 0;
			defaultConfigurationName = Release;
		};
/* End XCConfigurationList section */
	};
	rootObject = CA81819F17801E13006820E4 /* Project object */;
}
